
Microsoft Visual Studio Solution File, Format Version 12.00
# Visual Studio Version 16
VisualStudioVersion = 16.0.30225.117
MinimumVisualStudioVersion = 10.0.40219.1
Project("{9A19103F-16F7-4668-BE54-9A1E7A4F7556}") = "MailSystem.API", "Sample\MailSystem.API.csproj", "{836FACA0-B345-4DF0-ABD4-BEC69EF584BB}"
EndProject
Project("{9A19103F-16F7-4668-BE54-9A1E7A4F7556}") = "MailSystem.Core", "Sample.Core\MailSystem.Core.csproj", "{22AFD46E-85C1-447D-B991-34A585BCFF1C}"
EndProject
Project("{9A19103F-16F7-4668-BE54-9A1E7A4F7556}") = "MailSystem.Repository", "Sample.Repository\MailSystem.Repository.csproj", "{756D1104-70BA-4671-85FE-40367D47B9E5}"
EndProject
Project("{9A19103F-16F7-4668-BE54-9A1E7A4F7556}") = "MailSystem.Service", "Sample.Service\MailSystem.Service.csproj", "{183E7FB4-100D-4BDA-B3A6-4C22D1C4144B}"
EndProject
Project("{9A19103F-16F7-4668-BE54-9A1E7A4F7556}") = "MailSystem.Test", "Sample.Test\MailSystem.Test.csproj", "{7F5C0B12-6AD0-49BA-B99E-05B2A202F63C}"
EndProject
Global
	GlobalSection(SolutionConfigurationPlatforms) = preSolution
		Debug|Any CPU = Debug|Any CPU
		Release|Any CPU = Release|Any CPU
	EndGlobalSection
	GlobalSection(ProjectConfigurationPlatforms) = postSolution
		{836FACA0-B345-4DF0-ABD4-BEC69EF584BB}.Debug|Any CPU.ActiveCfg = Debug|Any CPU
		{836FACA0-B345-4DF0-ABD4-BEC69EF584BB}.Debug|Any CPU.Build.0 = Debug|Any CPU
		{836FACA0-B345-4DF0-ABD4-BEC69EF584BB}.Release|Any CPU.ActiveCfg = Release|Any CPU
		{836FACA0-B345-4DF0-ABD4-BEC69EF584BB}.Release|Any CPU.Build.0 = Release|Any CPU
		{22AFD46E-85C1-447D-B991-34A585BCFF1C}.Debug|Any CPU.ActiveCfg = Debug|Any CPU
		{22AFD46E-85C1-447D-B991-34A585BCFF1C}.Debug|Any CPU.Build.0 = Debug|Any CPU
		{22AFD46E-85C1-447D-B991-34A585BCFF1C}.Release|Any CPU.ActiveCfg = Release|Any CPU
		{22AFD46E-85C1-447D-B991-34A585BCFF1C}.Release|Any CPU.Build.0 = Release|Any CPU
		{756D1104-70BA-4671-85FE-40367D47B9E5}.Debug|Any CPU.ActiveCfg = Debug|Any CPU
		{756D1104-70BA-4671-85FE-40367D47B9E5}.Debug|Any CPU.Build.0 = Debug|Any CPU
		{756D1104-70BA-4671-85FE-40367D47B9E5}.Release|Any CPU.ActiveCfg = Release|Any CPU
		{756D1104-70BA-4671-85FE-40367D47B9E5}.Release|Any CPU.Build.0 = Release|Any CPU
		{183E7FB4-100D-4BDA-B3A6-4C22D1C4144B}.Debug|Any CPU.ActiveCfg = Debug|Any CPU
		{183E7FB4-100D-4BDA-B3A6-4C22D1C4144B}.Debug|Any CPU.Build.0 = Debug|Any CPU
		{183E7FB4-100D-4BDA-B3A6-4C22D1C4144B}.Release|Any CPU.ActiveCfg = Release|Any CPU
		{183E7FB4-100D-4BDA-B3A6-4C22D1C4144B}.Release|Any CPU.Build.0 = Release|Any CPU
		{7F5C0B12-6AD0-49BA-B99E-05B2A202F63C}.Debug|Any CPU.ActiveCfg = Debug|Any CPU
		{7F5C0B12-6AD0-49BA-B99E-05B2A202F63C}.Debug|Any CPU.Build.0 = Debug|Any CPU
		{7F5C0B12-6AD0-49BA-B99E-05B2A202F63C}.Release|Any CPU.ActiveCfg = Release|Any CPU
		{7F5C0B12-6AD0-49BA-B99E-05B2A202F63C}.Release|Any CPU.Build.0 = Release|Any CPU
	EndGlobalSection
	GlobalSection(SolutionProperties) = preSolution
		HideSolutionNode = FALSE
	EndGlobalSection
	GlobalSection(ExtensibilityGlobals) = postSolution
		SolutionGuid = {5C79C2F6-5075-4979-8219-24A496F28977}
	EndGlobalSection
EndGlobal
